
Microsoft Visual Studio Solution File, Format Version 12.00
# Visual Studio Version 17
VisualStudioVersion = 17.3.32922.545
MinimumVisualStudioVersion = 10.0.40219.1
Project("{9A19103F-16F7-4668-BE54-9A1E7A4F7556}") = "Exam_CrudRP", "Exam_Crud\Exam_CrudRP.csproj", "{5E6B099C-7552-423C-8DFF-587EFE99C45F}"
EndProject
Global
	GlobalSection(SolutionConfigurationPlatforms) = preSolution
		Debug|Any CPU = Debug|Any CPU
		Release|Any CPU = Release|Any CPU
	EndGlobalSection
	GlobalSection(ProjectConfigurationPlatforms) = postSolution
		{5E6B099C-7552-423C-8DFF-587EFE99C45F}.Debug|Any CPU.ActiveCfg = Debug|Any CPU
		{5E6B099C-7552-423C-8DFF-587EFE99C45F}.Debug|Any CPU.Build.0 = Debug|Any CPU
		{5E6B099C-7552-423C-8DFF-587EFE99C45F}.Release|Any CPU.ActiveCfg = Release|Any CPU
		{5E6B099C-7552-423C-8DFF-587EFE99C45F}.Release|Any CPU.Build.0 = Release|Any CPU
	EndGlobalSection
	GlobalSection(SolutionProperties) = preSolution
		HideSolutionNode = FALSE
	EndGlobalSection
	GlobalSection(ExtensibilityGlobals) = postSolution
		SolutionGuid = {8575F13A-C6EB-4204-8A27-BEE2EF9D3C84}
	EndGlobalSection
EndGlobal
